{
  "nodes": {
    "fenix": {
      "inputs": {
        "nixpkgs": "nixpkgs",
        "rust-analyzer-src": "rust-analyzer-src"
      },
      "locked": {
        "lastModified": 1759128018,
        "narHash": "sha256-30KHoIXMgyNQULifR1yQ5Sp0vr4tWpGRJXPOTgEzx1A=",
        "owner": "nix-community",
        "repo": "fenix",
        "rev": "5c342209226275f704ab84d89efc80b2d3963517",
        "type": "github"
      },
      "original": {
        "owner": "nix-community",
        "repo": "fenix",
        "type": "github"
      }
    },
    "nixpkgs": {
      "locked": {
        "lastModified": 1758690382,
        "narHash": "sha256-NY3kSorgqE5LMm1LqNwGne3ZLMF2/ILgLpFr1fS4X3o=",
        "owner": "nixos",
        "repo": "nixpkgs",
        "rev": "e643668fd71b949c53f8626614b21ff71a07379d",
        "type": "github"
      },
      "original": {
        "owner": "nixos",
        "ref": "nixos-unstable",
        "repo": "nixpkgs",
        "type": "github"
      }
    },
    "nixpkgs_2": {
      "locked": {
        "lastModified": 1759213703,
        "narHash": "sha256-1zK+hOb7jN1Qcwx5UxQYox6PUO2KcgmznYzTocD6nfw=",
        "owner": "NixOS",
        "repo": "nixpkgs",
        "rev": "822b5636ccfd2639427fd80bb602c079141b3a78",
        "type": "github"
      },
      "original": {
        "owner": "NixOS",
        "repo": "nixpkgs",
        "type": "github"
      }
    },
    "root": {
      "inputs": {
        "fenix": "fenix",
        "nixpkgs": "nixpkgs_2"
      }
    },
    "rust-analyzer-src": {
      "flake": false,
      "locked": {
        "lastModified": 1759060464,
        "narHash": "sha256-37+iMpZOQ1m9SuOJTBlRK1R0IVPS7e95oQggK82UpLs=",
        "owner": "rust-lang",
        "repo": "rust-analyzer",
        "rev": "5c0b555a65cadc14a6a16865c3e065c9d30b0bef",
        "type": "github"
      },
      "original": {
        "owner": "rust-lang",
        "ref": "nightly",
        "repo": "rust-analyzer",
        "type": "github"
      }
    }
  },
  "root": "root",
  "version": 7
}
